<?xml version="1.0" encoding="utf-8"?>
<Project ToolsVersion="4.0" xmlns="http://schemas.microsoft.com/developer/msbuild/2003">
  <ItemGroup>
    <ClCompile Include="src\ofApp.cpp">
      <Filter>src</Filter>
    </ClCompile>
    <ClCompile Include="src\main.cpp">
      <Filter>src</Filter>
    </ClCompile>
    <ClCompile Include="..\..\..\addons\ofxAbletonLink\src\ofxAbletonLink.cpp">
      <Filter>addons\ofxAbletonLink\src</Filter>
    </ClCompile>
    <ClCompile Include="..\..\..\addons\ofxFFT\src\ofxFFTBase.cpp">
      <Filter>addons\ofxFFT\src</Filter>
    </ClCompile>
    <ClCompile Include="..\..\..\addons\ofxFFT\src\ofxFFTFile.cpp">
      <Filter>addons\ofxFFT\src</Filter>
    </ClCompile>
    <ClCompile Include="..\..\..\addons\ofxFFT\src\ofxFFTLive.cpp">
      <Filter>addons\ofxFFT\src</Filter>
    </ClCompile>
    <ClCompile Include="..\..\..\addons\ofxFFT\libs\fft.cpp">
      <Filter>addons\ofxFFT\libs</Filter>
    </ClCompile>
    <ClCompile Include="..\..\..\addons\ofxGifEncoder\src\ofxGifEncoder.cpp">
      <Filter>addons\ofxGifEncoder\src</Filter>
    </ClCompile>
    <ClCompile Include="..\..\..\addons\ofxGui\src\ofxBaseGui.cpp">
      <Filter>addons\ofxGui\src</Filter>
    </ClCompile>
    <ClCompile Include="..\..\..\addons\ofxGui\src\ofxButton.cpp">
      <Filter>addons\ofxGui\src</Filter>
    </ClCompile>
    <ClCompile Include="..\..\..\addons\ofxGui\src\ofxGuiGroup.cpp">
      <Filter>addons\ofxGui\src</Filter>
    </ClCompile>
    <ClCompile Include="..\..\..\addons\ofxGui\src\ofxLabel.cpp">
      <Filter>addons\ofxGui\src</Filter>
    </ClCompile>
    <ClCompile Include="..\..\..\addons\ofxGui\src\ofxPanel.cpp">
      <Filter>addons\ofxGui\src</Filter>
    </ClCompile>
    <ClCompile Include="..\..\..\addons\ofxGui\src\ofxSlider.cpp">
      <Filter>addons\ofxGui\src</Filter>
    </ClCompile>
    <ClCompile Include="..\..\..\addons\ofxGui\src\ofxSliderGroup.cpp">
      <Filter>addons\ofxGui\src</Filter>
    </ClCompile>
    <ClCompile Include="..\..\..\addons\ofxGui\src\ofxToggle.cpp">
      <Filter>addons\ofxGui\src</Filter>
    </ClCompile>
    <ClCompile Include="..\..\..\addons\ofxISF\libs\jsonxx\jsonxx.cc">
      <Filter>addons\ofxISF\libs\jsonxx</Filter>
    </ClCompile>
    <ClCompile Include="..\..\..\addons\ofxLibwebsockets\libs\jsoncpp\jsoncpp.cpp">
      <Filter>addons\ofxLibwebsockets\libs\jsoncpp</Filter>
    </ClCompile>
    <ClCompile Include="..\..\..\addons\ofxLibwebsockets\libs\ofxLibwebsockets\src\Client.cpp">
      <Filter>addons\ofxLibwebsockets\libs\ofxLibwebsockets\src</Filter>
    </ClCompile>
    <ClCompile Include="..\..\..\addons\ofxLibwebsockets\libs\ofxLibwebsockets\src\Connection.cpp">
      <Filter>addons\ofxLibwebsockets\libs\ofxLibwebsockets\src</Filter>
    </ClCompile>
    <ClCompile Include="..\..\..\addons\ofxLibwebsockets\libs\ofxLibwebsockets\src\Events.cpp">
      <Filter>addons\ofxLibwebsockets\libs\ofxLibwebsockets\src</Filter>
    </ClCompile>
    <ClCompile Include="..\..\..\addons\ofxLibwebsockets\libs\ofxLibwebsockets\src\Protocol.cpp">
      <Filter>addons\ofxLibwebsockets\libs\ofxLibwebsockets\src</Filter>
    </ClCompile>
    <ClCompile Include="..\..\..\addons\ofxLibwebsockets\libs\ofxLibwebsockets\src\Reactor.cpp">
      <Filter>addons\ofxLibwebsockets\libs\ofxLibwebsockets\src</Filter>
    </ClCompile>
    <ClCompile Include="..\..\..\addons\ofxLibwebsockets\libs\ofxLibwebsockets\src\Server.cpp">
      <Filter>addons\ofxLibwebsockets\libs\ofxLibwebsockets\src</Filter>
    </ClCompile>
    <ClCompile Include="..\..\..\addons\ofxLibwebsockets\libs\ofxLibwebsockets\src\Util.cpp">
      <Filter>addons\ofxLibwebsockets\libs\ofxLibwebsockets\src</Filter>
    </ClCompile>
    <ClCompile Include="..\..\..\addons\ofxMidi\src\desktop\ofxRtMidiIn.cpp">
      <Filter>addons\ofxMidi\src\desktop</Filter>
    </ClCompile>
    <ClCompile Include="..\..\..\addons\ofxMidi\src\desktop\ofxRtMidiOut.cpp">
      <Filter>addons\ofxMidi\src\desktop</Filter>
    </ClCompile>
    <ClCompile Include="..\..\..\addons\ofxMidi\src\ofxBaseMidi.cpp">
      <Filter>addons\ofxMidi\src</Filter>
    </ClCompile>
    <ClCompile Include="..\..\..\addons\ofxMidi\src\ofxMidi.cpp">
      <Filter>addons\ofxMidi\src</Filter>
    </ClCompile>
    <ClCompile Include="..\..\..\addons\ofxMidi\src\ofxMidiClock.cpp">
      <Filter>addons\ofxMidi\src</Filter>
    </ClCompile>
    <ClCompile Include="..\..\..\addons\ofxMidi\src\ofxMidiIn.cpp">
      <Filter>addons\ofxMidi\src</Filter>
    </ClCompile>
    <ClCompile Include="..\..\..\addons\ofxMidi\src\ofxMidiMessage.cpp">
      <Filter>addons\ofxMidi\src</Filter>
    </ClCompile>
    <ClCompile Include="..\..\..\addons\ofxMidi\src\ofxMidiOut.cpp">
      <Filter>addons\ofxMidi\src</Filter>
    </ClCompile>
    <ClCompile Include="..\..\..\addons\ofxMidi\src\ofxMidiTimecode.cpp">
      <Filter>addons\ofxMidi\src</Filter>
    </ClCompile>
    <ClCompile Include="..\..\..\addons\ofxMidi\libs\rtmidi\RtMidi.cpp">
      <Filter>addons\ofxMidi\libs\rtmidi</Filter>
    </ClCompile>
    <ClCompile Include="..\..\..\addons\ofxShadertoy\src\ofxShadertoy.cpp">
      <Filter>addons\ofxShadertoy\src</Filter>
    </ClCompile>
    <ClCompile Include="..\..\..\addons\ofxXmlSettings\src\ofxXmlSettings.cpp">
      <Filter>addons\ofxXmlSettings\src</Filter>
    </ClCompile>
    <ClCompile Include="..\..\..\addons\ofxXmlSettings\libs\tinyxml.cpp">
      <Filter>addons\ofxXmlSettings\libs</Filter>
    </ClCompile>
    <ClCompile Include="..\..\..\addons\ofxXmlSettings\libs\tinyxmlerror.cpp">
      <Filter>addons\ofxXmlSettings\libs</Filter>
    </ClCompile>
    <ClCompile Include="..\..\..\addons\ofxXmlSettings\libs\tinyxmlparser.cpp">
      <Filter>addons\ofxXmlSettings\libs</Filter>
    </ClCompile>
  </ItemGroup>
  <ItemGroup>
    <Filter Include="src">
      <UniqueIdentifier>{d8376475-7454-4a24-b08a-aac121d3ad6f}</UniqueIdentifier>
    </Filter>
    <Filter Include="addons">
      <UniqueIdentifier>{71834F65-F3A9-211E-73B8-DC85}</UniqueIdentifier>
    </Filter>
    <Filter Include="addons\ofxAbletonLink">
      <UniqueIdentifier>{A484E538-7342-9CE2-4235-AF3D}</UniqueIdentifier>
    </Filter>
    <Filter Include="addons\ofxAbletonLink\src">
      <UniqueIdentifier>{796511B9-59B6-6B02-F4B3-CFA7}</UniqueIdentifier>
    </Filter>
    <Filter Include="addons\ofxFFT">
      <UniqueIdentifier>{A51EF345-6145-7F34-5210-584B}</UniqueIdentifier>
    </Filter>
    <Filter Include="addons\ofxFFT\src">
      <UniqueIdentifier>{CEF5BE20-E223-E8E5-5FDB-C2D7}</UniqueIdentifier>
    </Filter>
    <Filter Include="addons\ofxFFT\libs">
      <UniqueIdentifier>{1AA69749-353B-6094-7733-4489}</UniqueIdentifier>
    </Filter>
    <Filter Include="addons\ofxGifEncoder">
      <UniqueIdentifier>{B53998DC-FEC5-3374-E87B-ED60}</UniqueIdentifier>
    </Filter>
    <Filter Include="addons\ofxGifEncoder\src">
      <UniqueIdentifier>{BACC6C90-4215-5125-029E-5D29}</UniqueIdentifier>
    </Filter>
    <Filter Include="addons\ofxGui">
      <UniqueIdentifier>{4F2A59AF-5F4E-704B-D067-EC13}</UniqueIdentifier>
    </Filter>
    <Filter Include="addons\ofxGui\src">
      <UniqueIdentifier>{645E9533-4DCD-6179-1CDF-CB65}</UniqueIdentifier>
    </Filter>
    <Filter Include="addons\ofxISF">
      <UniqueIdentifier>{C0351F5E-1C50-EA98-C7D8-FC4C}</UniqueIdentifier>
    </Filter>
    <Filter Include="addons\ofxISF\src">
      <UniqueIdentifier>{5AE7DDEF-7448-56EB-2A7A-B401}</UniqueIdentifier>
    </Filter>
    <Filter Include="addons\ofxISF\src\ofxISF">
      <UniqueIdentifier>{9162FFBE-D339-3994-9863-6B4B}</UniqueIdentifier>
    </Filter>
    <Filter Include="addons\ofxISF\libs">
      <UniqueIdentifier>{A08AE423-FCEC-C1CB-F8CB-F42C}</UniqueIdentifier>
    </Filter>
    <Filter Include="addons\ofxISF\libs\jsonxx">
      <UniqueIdentifier>{B053AF9B-49E6-47AD-2C8C-BCF6}</UniqueIdentifier>
    </Filter>
    <Filter Include="addons\ofxLibwebsockets">
      <UniqueIdentifier>{04A0ABD3-BEB0-79C1-78DC-1B0C}</UniqueIdentifier>
    </Filter>
    <Filter Include="addons\ofxLibwebsockets\src">
      <UniqueIdentifier>{BD45AF89-23CA-D761-87B2-E28B}</UniqueIdentifier>
    </Filter>
    <Filter Include="addons\ofxLibwebsockets\libs">
      <UniqueIdentifier>{93A2255B-E819-7999-658F-5C8B}</UniqueIdentifier>
    </Filter>
    <Filter Include="addons\ofxLibwebsockets\libs\jsoncpp">
      <UniqueIdentifier>{EDF3DFA8-3A48-F2BE-828A-56B4}</UniqueIdentifier>
    </Filter>
    <Filter Include="addons\ofxLibwebsockets\libs\jsoncpp\json">
      <UniqueIdentifier>{E61DA5C1-FC26-09C7-51F3-45B4}</UniqueIdentifier>
    </Filter>
    <Filter Include="addons\ofxLibwebsockets\libs\libwebsockets">
      <UniqueIdentifier>{F5CB4033-7B46-FD26-E6BF-225D}</UniqueIdentifier>
    </Filter>
    <Filter Include="addons\ofxLibwebsockets\libs\libwebsockets\include">
      <UniqueIdentifier>{A9821612-3A92-AF18-4416-E910}</UniqueIdentifier>
    </Filter>
    <Filter Include="addons\ofxLibwebsockets\libs\ofxLibwebsockets">
      <UniqueIdentifier>{246E3DDA-BF78-504E-9BF2-6FA8}</UniqueIdentifier>
    </Filter>
    <Filter Include="addons\ofxLibwebsockets\libs\ofxLibwebsockets\include">
      <UniqueIdentifier>{D876D8D2-B863-D307-0F4A-F791}</UniqueIdentifier>
    </Filter>
    <Filter Include="addons\ofxLibwebsockets\libs\ofxLibwebsockets\include\ofxLibwebsockets">
      <UniqueIdentifier>{A5834E6F-4120-53E7-CD52-711C}</UniqueIdentifier>
    </Filter>
    <Filter Include="addons\ofxLibwebsockets\libs\ofxLibwebsockets\src">
      <UniqueIdentifier>{D616296F-164E-00EF-4F39-D224}</UniqueIdentifier>
    </Filter>
    <Filter Include="addons\ofxMidi">
      <UniqueIdentifier>{4DF4D977-A753-531B-5057-9AC1}</UniqueIdentifier>
    </Filter>
    <Filter Include="addons\ofxMidi\src">
      <UniqueIdentifier>{7EED8620-FDD5-520C-3F5D-2677}</UniqueIdentifier>
    </Filter>
    <Filter Include="addons\ofxMidi\src\desktop">
      <UniqueIdentifier>{03CA45A4-AB22-A57E-895E-C6BC}</UniqueIdentifier>
    </Filter>
    <Filter Include="addons\ofxMidi\libs">
      <UniqueIdentifier>{B8086AD6-372B-1A12-88A6-74F9}</UniqueIdentifier>
    </Filter>
    <Filter Include="addons\ofxMidi\libs\rtmidi">
      <UniqueIdentifier>{8E6C5628-3502-6F01-4B1D-AEAE}</UniqueIdentifier>
    </Filter>
    <Filter Include="addons\ofxShadertoy">
      <UniqueIdentifier>{D605C56D-ED45-5321-67CE-90D1}</UniqueIdentifier>
    </Filter>
    <Filter Include="addons\ofxShadertoy\src">
      <UniqueIdentifier>{FA756F3F-59BC-CA1D-68B4-1141}</UniqueIdentifier>
    </Filter>
    <Filter Include="addons\ofxXmlSettings">
      <UniqueIdentifier>{877F005D-13E6-0592-1D97-F2E3}</UniqueIdentifier>
    </Filter>
    <Filter Include="addons\ofxXmlSettings\src">
      <UniqueIdentifier>{CCB2AC63-49D2-977C-CFE8-AEAD}</UniqueIdentifier>
    </Filter>
    <Filter Include="addons\ofxXmlSettings\libs">
      <UniqueIdentifier>{687714A8-1662-FA1C-261F-50F0}</UniqueIdentifier>
    </Filter>
    <Filter Include="bin">
      <UniqueIdentifier>{9fba7df4-89f5-4681-8992-4fa1b485b692}</UniqueIdentifier>
    </Filter>
    <Filter Include="bin\data">
      <UniqueIdentifier>{391e1281-704c-4e12-bb34-d81e408e0fac}</UniqueIdentifier>
    </Filter>
    <Filter Include="bin\data\shaders">
      <UniqueIdentifier>{bc19a223-424e-412e-954a-1a3261c4b194}</UniqueIdentifier>
    </Filter>
  </ItemGroup>
  <ItemGroup>
    <ClInclude Include="src\ofApp.h">
      <Filter>src</Filter>
    </ClInclude>
    <ClInclude Include="..\..\..\addons\ofxAbletonLink\src\ofxAbletonLink.h">
      <Filter>addons\ofxAbletonLink\src</Filter>
    </ClInclude>
    <ClInclude Include="..\..\..\addons\ofxFFT\src\ofxFFTBase.h">
      <Filter>addons\ofxFFT\src</Filter>
    </ClInclude>
    <ClInclude Include="..\..\..\addons\ofxFFT\src\ofxFFTFile.h">
      <Filter>addons\ofxFFT\src</Filter>
    </ClInclude>
    <ClInclude Include="..\..\..\addons\ofxFFT\src\ofxFFTLive.h">
      <Filter>addons\ofxFFT\src</Filter>
    </ClInclude>
    <ClInclude Include="..\..\..\addons\ofxFFT\libs\fft.h">
      <Filter>addons\ofxFFT\libs</Filter>
    </ClInclude>
    <ClInclude Include="..\..\..\addons\ofxGifEncoder\src\ofxGifDitherTypes.h">
      <Filter>addons\ofxGifEncoder\src</Filter>
    </ClInclude>
    <ClInclude Include="..\..\..\addons\ofxGifEncoder\src\ofxGifEncoder.h">
      <Filter>addons\ofxGifEncoder\src</Filter>
    </ClInclude>
    <ClInclude Include="..\..\..\addons\ofxGui\src\ofxBaseGui.h">
      <Filter>addons\ofxGui\src</Filter>
    </ClInclude>
    <ClInclude Include="..\..\..\addons\ofxGui\src\ofxButton.h">
      <Filter>addons\ofxGui\src</Filter>
    </ClInclude>
    <ClInclude Include="..\..\..\addons\ofxGui\src\ofxGui.h">
      <Filter>addons\ofxGui\src</Filter>
    </ClInclude>
    <ClInclude Include="..\..\..\addons\ofxGui\src\ofxGuiGroup.h">
      <Filter>addons\ofxGui\src</Filter>
    </ClInclude>
    <ClInclude Include="..\..\..\addons\ofxGui\src\ofxLabel.h">
      <Filter>addons\ofxGui\src</Filter>
    </ClInclude>
    <ClInclude Include="..\..\..\addons\ofxGui\src\ofxPanel.h">
      <Filter>addons\ofxGui\src</Filter>
    </ClInclude>
    <ClInclude Include="..\..\..\addons\ofxGui\src\ofxSlider.h">
      <Filter>addons\ofxGui\src</Filter>
    </ClInclude>
    <ClInclude Include="..\..\..\addons\ofxGui\src\ofxSliderGroup.h">
      <Filter>addons\ofxGui\src</Filter>
    </ClInclude>
    <ClInclude Include="..\..\..\addons\ofxGui\src\ofxToggle.h">
      <Filter>addons\ofxGui\src</Filter>
    </ClInclude>
    <ClInclude Include="..\..\..\addons\ofxISF\src\ofxISF\Chain.h">
      <Filter>addons\ofxISF\src\ofxISF</Filter>
    </ClInclude>
    <ClInclude Include="..\..\..\addons\ofxISF\src\ofxISF\CodeGenerater.h">
      <Filter>addons\ofxISF\src\ofxISF</Filter>
    </ClInclude>
    <ClInclude Include="..\..\..\addons\ofxISF\src\ofxISF\Constants.h">
      <Filter>addons\ofxISF\src\ofxISF</Filter>
    </ClInclude>
    <ClInclude Include="..\..\..\addons\ofxISF\src\ofxISF\Shader.h">
      <Filter>addons\ofxISF\src\ofxISF</Filter>
    </ClInclude>
    <ClInclude Include="..\..\..\addons\ofxISF\src\ofxISF\Uniforms.h">
      <Filter>addons\ofxISF\src\ofxISF</Filter>
    </ClInclude>
    <ClInclude Include="..\..\..\addons\ofxISF\src\ofxISF.h">
      <Filter>addons\ofxISF\src</Filter>
    </ClInclude>
    <ClInclude Include="..\..\..\addons\ofxISF\libs\jsonxx\jsonxx.h">
      <Filter>addons\ofxISF\libs\jsonxx</Filter>
    </ClInclude>
    <ClInclude Include="..\..\..\addons\ofxLibwebsockets\src\ofxLibwebsockets.h">
      <Filter>addons\ofxLibwebsockets\src</Filter>
    </ClInclude>
    <ClInclude Include="..\..\..\addons\ofxLibwebsockets\libs\jsoncpp\json\json-forwards.h">
      <Filter>addons\ofxLibwebsockets\libs\jsoncpp\json</Filter>
    </ClInclude>
    <ClInclude Include="..\..\..\addons\ofxLibwebsockets\libs\jsoncpp\json\json.h">
      <Filter>addons\ofxLibwebsockets\libs\jsoncpp\json</Filter>
    </ClInclude>
    <ClInclude Include="..\..\..\addons\ofxLibwebsockets\libs\libwebsockets\include\libwebsockets.h">
      <Filter>addons\ofxLibwebsockets\libs\libwebsockets\include</Filter>
    </ClInclude>
    <ClInclude Include="..\..\..\addons\ofxLibwebsockets\libs\libwebsockets\include\lws_config.h">
      <Filter>addons\ofxLibwebsockets\libs\libwebsockets\include</Filter>
    </ClInclude>
    <ClInclude Include="..\..\..\addons\ofxLibwebsockets\libs\ofxLibwebsockets\include\ofxLibwebsockets\Client.h">
      <Filter>addons\ofxLibwebsockets\libs\ofxLibwebsockets\include\ofxLibwebsockets</Filter>
    </ClInclude>
    <ClInclude Include="..\..\..\addons\ofxLibwebsockets\libs\ofxLibwebsockets\include\ofxLibwebsockets\Connection.h">
      <Filter>addons\ofxLibwebsockets\libs\ofxLibwebsockets\include\ofxLibwebsockets</Filter>
    </ClInclude>
    <ClInclude Include="..\..\..\addons\ofxLibwebsockets\libs\ofxLibwebsockets\include\ofxLibwebsockets\Events.h">
      <Filter>addons\ofxLibwebsockets\libs\ofxLibwebsockets\include\ofxLibwebsockets</Filter>
    </ClInclude>
    <ClInclude Include="..\..\..\addons\ofxLibwebsockets\libs\ofxLibwebsockets\include\ofxLibwebsockets\Protocol.h">
      <Filter>addons\ofxLibwebsockets\libs\ofxLibwebsockets\include\ofxLibwebsockets</Filter>
    </ClInclude>
    <ClInclude Include="..\..\..\addons\ofxLibwebsockets\libs\ofxLibwebsockets\include\ofxLibwebsockets\Reactor.h">
      <Filter>addons\ofxLibwebsockets\libs\ofxLibwebsockets\include\ofxLibwebsockets</Filter>
    </ClInclude>
    <ClInclude Include="..\..\..\addons\ofxLibwebsockets\libs\ofxLibwebsockets\include\ofxLibwebsockets\Server.h">
      <Filter>addons\ofxLibwebsockets\libs\ofxLibwebsockets\include\ofxLibwebsockets</Filter>
    </ClInclude>
    <ClInclude Include="..\..\..\addons\ofxLibwebsockets\libs\ofxLibwebsockets\include\ofxLibwebsockets\Util.h">
      <Filter>addons\ofxLibwebsockets\libs\ofxLibwebsockets\include\ofxLibwebsockets</Filter>
    </ClInclude>
    <ClInclude Include="..\..\..\addons\ofxMidi\src\desktop\ofxRtMidiIn.h">
      <Filter>addons\ofxMidi\src\desktop</Filter>
    </ClInclude>
    <ClInclude Include="..\..\..\addons\ofxMidi\src\desktop\ofxRtMidiOut.h">
      <Filter>addons\ofxMidi\src\desktop</Filter>
    </ClInclude>
    <ClInclude Include="..\..\..\addons\ofxMidi\src\ofxBaseMidi.h">
      <Filter>addons\ofxMidi\src</Filter>
    </ClInclude>
    <ClInclude Include="..\..\..\addons\ofxMidi\src\ofxMidi.h">
      <Filter>addons\ofxMidi\src</Filter>
    </ClInclude>
    <ClInclude Include="..\..\..\addons\ofxMidi\src\ofxMidiClock.h">
      <Filter>addons\ofxMidi\src</Filter>
    </ClInclude>
    <ClInclude Include="..\..\..\addons\ofxMidi\src\ofxMidiConstants.h">
      <Filter>addons\ofxMidi\src</Filter>
    </ClInclude>
    <ClInclude Include="..\..\..\addons\ofxMidi\src\ofxMidiIn.h">
      <Filter>addons\ofxMidi\src</Filter>
    </ClInclude>
    <ClInclude Include="..\..\..\addons\ofxMidi\src\ofxMidiMessage.h">
      <Filter>addons\ofxMidi\src</Filter>
    </ClInclude>
    <ClInclude Include="..\..\..\addons\ofxMidi\src\ofxMidiOut.h">
      <Filter>addons\ofxMidi\src</Filter>
    </ClInclude>
    <ClInclude Include="..\..\..\addons\ofxMidi\src\ofxMidiTimecode.h">
      <Filter>addons\ofxMidi\src</Filter>
    </ClInclude>
    <ClInclude Include="..\..\..\addons\ofxMidi\src\ofxMidiTypes.h">
      <Filter>addons\ofxMidi\src</Filter>
    </ClInclude>
    <ClInclude Include="..\..\..\addons\ofxMidi\libs\rtmidi\RtMidi.h">
      <Filter>addons\ofxMidi\libs\rtmidi</Filter>
    </ClInclude>
    <ClInclude Include="..\..\..\addons\ofxShadertoy\src\ofxShadertoy.h">
      <Filter>addons\ofxShadertoy\src</Filter>
    </ClInclude>
    <ClInclude Include="..\..\..\addons\ofxXmlSettings\src\ofxXmlSettings.h">
      <Filter>addons\ofxXmlSettings\src</Filter>
    </ClInclude>
    <ClInclude Include="..\..\..\addons\ofxXmlSettings\libs\tinyxml.h">
      <Filter>addons\ofxXmlSettings\libs</Filter>
    </ClInclude>
  </ItemGroup>
  <ItemGroup>
    <ResourceCompile Include="icon.rc" />
  </ItemGroup>
  <ItemGroup>
    <None Include="bin\data\shaders\shader.frag">
      <Filter>bin\data\shaders</Filter>
    </None>
  </ItemGroup>
</Project>